Microsoft Visual Studio Solution File, Format Version 11.00
# Visual Studio 2008

Project("{99359AB5-258A-7246-C786-795490CCA65A}") = "Piknik", "Assembly-CSharp.csproj", "{C3CEACE7-A995-3D81-F4D0-BA37DE8C36FC}"
EndProject
Global
	GlobalSection(SolutionConfigurationPlatforms) = preSolution
		Debug|Any CPU = Debug|Any CPU
		Release|Any CPU = Release|Any CPU
	EndGlobalSection
	GlobalSection(ProjectConfigurationPlatforms) = postSolution
		{C3CEACE7-A995-3D81-F4D0-BA37DE8C36FC}.Debug|Any CPU.ActiveCfg = Debug|Any CPU
		{C3CEACE7-A995-3D81-F4D0-BA37DE8C36FC}.Debug|Any CPU.Build.0 = Debug|Any CPU
		{C3CEACE7-A995-3D81-F4D0-BA37DE8C36FC}.Release|Any CPU.ActiveCfg = Release|Any CPU
		{C3CEACE7-A995-3D81-F4D0-BA37DE8C36FC}.Release|Any CPU.Build.0 = Release|Any CPU
	EndGlobalSection
	GlobalSection(SolutionProperties) = preSolution
		HideSolutionNode = FALSE
	EndGlobalSection
	GlobalSection(MonoDevelopProperties) = preSolution
		StartupItem = Assembly-CSharp.csproj
	EndGlobalSection
EndGlobal
